{
    "_meta": {
        "hash": {
            "sha256": "6641cb7c4724218ac1fa33c2ebfb493256051dc402520d04895cc90669417026"
        },
        "pipfile-spec": 6,
        "requires": {
            "python_version": "3.7"
        },
        "sources": [
            {
                "name": "pypi",
                "url": "https://pypi.org/simple",
                "verify_ssl": true
            }
        ]
    },
    "default": {
        "dj-database-url": {
            "hashes": [
                "sha256:4aeaeb1f573c74835b0686a2b46b85990571159ffc21aa57ecd4d1e1cb334163",
                "sha256:851785365761ebe4994a921b433062309eb882fedd318e1b0fcecc607ed02da9"
            ],
            "index": "pypi",
            "version": "==0.5.0"
        },
        "django": {
            "hashes": [
                "sha256:068d51054083d06ceb32ce02b7203f1854256047a0d58682677dd4f81bceabd7",
                "sha256:55409a056b27e6d1246f19ede41c6c610e4cab549c005b62cbeefabc6433356b"
            ],
            "index": "pypi",
            "version": "==2.1.4"
        },
        "django-widget-tweaks": {
            "hashes": [
                "sha256:a69cba6c8a6b98f0cf6eef0535f8212d635e19044ee4533d4d78df700c2e233f",
                "sha256:bc645ef88307bc4ac269ee8ee9e572be814cd4a125c2bb6edb59ffcdc194982d"
            ],
            "index": "pypi",
            "version": "==1.4.3"
        },
        "gunicorn": {
            "hashes": [
                "sha256:aa8e0b40b4157b36a5df5e599f45c9c76d6af43845ba3b3b0efe2c70473c2471",
                "sha256:fa2662097c66f920f53f70621c6c58ca4a3c4d3434205e608e121b5b3b71f4f3"
            ],
            "index": "pypi",
            "version": "==19.9.0"
        },
        "markdown": {
            "hashes": [
                "sha256:c00429bd503a47ec88d5e30a751e147dcb4c6889663cd3e2ba0afe858e009baa",
                "sha256:d02e0f9b04c500cde6637c11ad7c72671f359b87b9fe924b2383649d8841db7c"
            ],
            "index": "pypi",
            "version": "==3.0.1"
        },
        "python-decouple": {
            "hashes": [
                "sha256:1317df14b43efee4337a4aa02914bf004f010cd56d6c4bd894e6474ec8c4fe2d"
            ],
            "index": "pypi",
            "version": "==3.1"
        },
        "pytz": {
            "hashes": [
                "sha256:31cb35c89bd7d333cd32c5f278fca91b523b0834369e757f4c5641ea252236ca",
                "sha256:8e0f8568c118d3077b46be7d654cc8167fa916092e28320cde048e54bfc9f1e6"
            ],
            "version": "==2018.7"
        },
        "whitenoise": {
            "hashes": [
                "sha256:15f43b2e701821b95c9016cf469d29e2a546cb1c7dead584ba82c36f843995cf",
                "sha256:9d81515f2b5b27051910996e1e860b1332e354d9e7bcf30c98f21dcb6713e0dd"
            ],
            "index": "pypi",
            "version": "==3.3.1"
        }
    },
    "develop": {}
}
